<?xml version="1.0" encoding="utf-8"?>
<Project ToolsVersion="4.0" xmlns="http://schemas.microsoft.com/developer/msbuild/2003">
  <ItemGroup>
    <Filter Include="Source Files">
      <UniqueIdentifier>{4FC737F1-C7A5-4376-A066-2A32D752A2FF}</UniqueIdentifier>
      <Extensions>cpp;c;cc;cxx;c++;cppm;ixx;def;odl;idl;hpj;bat;asm;asmx</Extensions>
    </Filter>
    <Filter Include="Header Files">
      <UniqueIdentifier>{93995380-89BD-4b04-88EB-625FBE52EBFB}</UniqueIdentifier>
      <Extensions>h;hh;hpp;hxx;h++;hm;inl;inc;ipp;xsd</Extensions>
    </Filter>
    <Filter Include="Resource Files">
      <UniqueIdentifier>{67DA6AB6-F800-4c08-8B7A-83BB121AAD01}</UniqueIdentifier>
      <Extensions>rc;ico;cur;bmp;dlg;rc2;rct;bin;rgs;gif;jpg;jpeg;jpe;resx;tiff;tif;png;wav;mfcribbon-ms</Extensions>
    </Filter>
    <Filter Include="core">
      <UniqueIdentifier>{d130e05f-7a58-4164-9e10-8fa40ab2dc9a}</UniqueIdentifier>
    </Filter>
    <Filter Include="services">
      <UniqueIdentifier>{6af174b5-470b-4206-b9ff-197d20d52f92}</UniqueIdentifier>
    </Filter>
    <Filter Include="persistence">
      <UniqueIdentifier>{cf9874bc-00ff-4740-a9b9-1a512f7dad6a}</UniqueIdentifier>
    </Filter>
  </ItemGroup>
  <ItemGroup>
    <ClCompile Include="DatabaseStorage.cpp">
      <Filter>persistence</Filter>
    </ClCompile>
    <ClCompile Include="QuizEngine.cpp">
      <Filter>services</Filter>
    </ClCompile>
    <ClCompile Include="Attempt.cpp">
      <Filter>core</Filter>
    </ClCompile>
    <ClCompile Include="Score.cpp">
      <Filter>core</Filter>
    </ClCompile>
    <ClCompile Include="Question.cpp">
      <Filter>core</Filter>
    </ClCompile>
    <ClCompile Include="main.cpp">
      <Filter>Source Files</Filter>
    </ClCompile>
  </ItemGroup>
  <ItemGroup>
    <Text Include="D:\quizEngine\quizEngine\questions.txt" />
  </ItemGroup>
  <ItemGroup>
    <ClInclude Include="D:\quizEngine\quizEngine\persistence\DatabaseStorage.h">
      <Filter>Header Files</Filter>
    </ClInclude>
    <ClInclude Include="D:\quizEngine\quizEngine\persistence\IStorage.h">
      <Filter>Header Files</Filter>
    </ClInclude>
    <ClInclude Include="D:\quizEngine\quizEngine\services\QuizEngine.h">
      <Filter>Header Files</Filter>
    </ClInclude>
    <ClInclude Include="Attempt.h">
      <Filter>core</Filter>
    </ClInclude>
    <ClInclude Include="question.h">
      <Filter>core</Filter>
    </ClInclude>
    <ClInclude Include="Quiz.h">
      <Filter>core</Filter>
    </ClInclude>
    <ClInclude Include="User.h">
      <Filter>core</Filter>
    </ClInclude>
    <ClInclude Include="Score.h">
      <Filter>core</Filter>
    </ClInclude>
    <ClInclude Include="QuizEngine.h">
      <Filter>services</Filter>
    </ClInclude>
    <ClInclude Include="DatabaseStorage.h">
      <Filter>persistence</Filter>
    </ClInclude>
    <ClInclude Include="IStorage.h">
      <Filter>persistence</Filter>
    </ClInclude>
  </ItemGroup>
</Project>